# THIS IS AN AUTOGENERATED FILE. DO NOT EDIT THIS FILE DIRECTLY.
# yarn lockfile v1


devicon@^2.10.1:
  version "2.10.1"
  resolved "https://registry.yarnpkg.com/devicon/-/devicon-2.10.1.tgz#915c828223e6221976491955a737a8259b27b5f0"
  integrity sha512-9W2Vy8BVN+MWLvrMKPtL0EgEMiYDx5gu69/HFuXiEe+tm0QhGzx7rWKlakH8RWHtQ4tzK7+AUFs9OkKko+wh3w==
